<?xml version="1.0" encoding="utf-8"?>
<Project ToolsVersion="4.0" xmlns="http://schemas.microsoft.com/developer/msbuild/2003">
  <ItemGroup>
    <Filter Include="Source Files">
      <UniqueIdentifier>{4FC737F1-C7A5-4376-A066-2A32D752A2FF}</UniqueIdentifier>
      <Extensions>cpp;c;cc;cxx;def;odl;idl;hpj;bat;asm;asmx</Extensions>
    </Filter>
    <Filter Include="Header Files">
      <UniqueIdentifier>{93995380-89BD-4b04-88EB-625FBE52EBFB}</UniqueIdentifier>
      <Extensions>h;hpp;hxx;hm;inl;inc;xsd</Extensions>
    </Filter>
  </ItemGroup>
  <ItemGroup>
    <ClCompile Include="reference.cpp">
      <Filter>Source Files</Filter>
    </ClCompile>
    <ClCompile Include="main.cpp">
      <Filter>Source Files</Filter>
    </ClCompile>
    <ClCompile Include="Game.cpp">
      <Filter>Source Files</Filter>
    </ClCompile>
    <ClCompile Include="Ball.cpp">
      <Filter>Source Files</Filter>
    </ClCompile>
    <ClCompile Include="Box.cpp">
      <Filter>Source Files</Filter>
    </ClCompile>
    <ClCompile Include="StaticPlatform.cpp">
      <Filter>Source Files</Filter>
    </ClCompile>
    <ClCompile Include="Bomb.cpp">
      <Filter>Source Files</Filter>
    </ClCompile>
    <ClCompile Include="SFMLDebugDraw.cpp">
      <Filter>Source Files</Filter>
    </ClCompile>
    <ClCompile Include="MathHelper.cpp">
      <Filter>Source Files</Filter>
    </ClCompile>
    <ClCompile Include="BombParticle.cpp">
      <Filter>Source Files</Filter>
    </ClCompile>
    <ClCompile Include="JointPlatform.cpp">
      <Filter>Source Files</Filter>
    </ClCompile>
  </ItemGroup>
  <ItemGroup>
    <ClInclude Include="Game.h">
      <Filter>Header Files</Filter>
    </ClInclude>
    <ClInclude Include="OrderedPair.h">
      <Filter>Header Files</Filter>
    </ClInclude>
    <ClInclude Include="Ball.h">
      <Filter>Header Files</Filter>
    </ClInclude>
    <ClInclude Include="Box.h">
      <Filter>Header Files</Filter>
    </ClInclude>
    <ClInclude Include="StaticPlatform.h">
      <Filter>Header Files</Filter>
    </ClInclude>
    <ClInclude Include="Bomb.h">
      <Filter>Header Files</Filter>
    </ClInclude>
    <ClInclude Include="MathHelper.h">
      <Filter>Header Files</Filter>
    </ClInclude>
    <ClInclude Include="SFMLDebugDraw.h">
      <Filter>Header Files</Filter>
    </ClInclude>
    <ClInclude Include="BombParticle.h">
      <Filter>Header Files</Filter>
    </ClInclude>
    <ClInclude Include="JointPlatform.h">
      <Filter>Header Files</Filter>
    </ClInclude>
  </ItemGroup>
</Project>